
Microsoft Visual Studio Solution File, Format Version 12.00
# Visual Studio 15
VisualStudioVersion = 15.0.27428.2005
MinimumVisualStudioVersion = 10.0.40219.1
Project("{FAE04EC0-301F-11D3-BF4B-00C04F79EFBC}") = "ForEach", "ForEach\ForEach.csproj", "{8F1D5A94-71A4-4CC2-803A-16F646B5DAA1}"
EndProject
Global
	GlobalSection(SolutionConfigurationPlatforms) = preSolution
		Debug|Any CPU = Debug|Any CPU
		Release|Any CPU = Release|Any CPU
	EndGlobalSection
	GlobalSection(ProjectConfigurationPlatforms) = postSolution
		{8F1D5A94-71A4-4CC2-803A-16F646B5DAA1}.Debug|Any CPU.ActiveCfg = Debug|Any CPU
		{8F1D5A94-71A4-4CC2-803A-16F646B5DAA1}.Debug|Any CPU.Build.0 = Debug|Any CPU
		{8F1D5A94-71A4-4CC2-803A-16F646B5DAA1}.Release|Any CPU.ActiveCfg = Release|Any CPU
		{8F1D5A94-71A4-4CC2-803A-16F646B5DAA1}.Release|Any CPU.Build.0 = Release|Any CPU
	EndGlobalSection
	GlobalSection(SolutionProperties) = preSolution
		HideSolutionNode = FALSE
	EndGlobalSection
	GlobalSection(ExtensibilityGlobals) = postSolution
		SolutionGuid = {7CF501C2-268E-4A7E-BAD1-6D32D3EE1A97}
	EndGlobalSection
EndGlobal
