
Microsoft Visual Studio Solution File, Format Version 12.00
# Visual Studio 15
VisualStudioVersion = 15.0.27428.2005
MinimumVisualStudioVersion = 10.0.40219.1
Project("{FAE04EC0-301F-11D3-BF4B-00C04F79EFBC}") = "ConsoleApp3", "ConsoleApp3\ConsoleApp3.csproj", "{D774F9F0-6B8A-4B26-B497-00263E25A81E}"
EndProject
Global
	GlobalSection(SolutionConfigurationPlatforms) = preSolution
		Debug|Any CPU = Debug|Any CPU
		Release|Any CPU = Release|Any CPU
	EndGlobalSection
	GlobalSection(ProjectConfigurationPlatforms) = postSolution
		{D774F9F0-6B8A-4B26-B497-00263E25A81E}.Debug|Any CPU.ActiveCfg = Debug|Any CPU
		{D774F9F0-6B8A-4B26-B497-00263E25A81E}.Debug|Any CPU.Build.0 = Debug|Any CPU
		{D774F9F0-6B8A-4B26-B497-00263E25A81E}.Release|Any CPU.ActiveCfg = Release|Any CPU
		{D774F9F0-6B8A-4B26-B497-00263E25A81E}.Release|Any CPU.Build.0 = Release|Any CPU
	EndGlobalSection
	GlobalSection(SolutionProperties) = preSolution
		HideSolutionNode = FALSE
	EndGlobalSection
	GlobalSection(ExtensibilityGlobals) = postSolution
		SolutionGuid = {56BAEC52-C5F8-46F0-B8D5-67EC53D50C48}
	EndGlobalSection
EndGlobal
