
Microsoft Visual Studio Solution File, Format Version 12.00
# Visual Studio 15
VisualStudioVersion = 15.0.27428.2005
MinimumVisualStudioVersion = 10.0.40219.1
Project("{FAE04EC0-301F-11D3-BF4B-00C04F79EFBC}") = "Addition", "Addition\Addition.csproj", "{3D2F909D-EB1A-4FDF-ACE5-611E9F010086}"
EndProject
Global
	GlobalSection(SolutionConfigurationPlatforms) = preSolution
		Debug|Any CPU = Debug|Any CPU
		Release|Any CPU = Release|Any CPU
	EndGlobalSection
	GlobalSection(ProjectConfigurationPlatforms) = postSolution
		{3D2F909D-EB1A-4FDF-ACE5-611E9F010086}.Debug|Any CPU.ActiveCfg = Debug|Any CPU
		{3D2F909D-EB1A-4FDF-ACE5-611E9F010086}.Debug|Any CPU.Build.0 = Debug|Any CPU
		{3D2F909D-EB1A-4FDF-ACE5-611E9F010086}.Release|Any CPU.ActiveCfg = Release|Any CPU
		{3D2F909D-EB1A-4FDF-ACE5-611E9F010086}.Release|Any CPU.Build.0 = Release|Any CPU
	EndGlobalSection
	GlobalSection(SolutionProperties) = preSolution
		HideSolutionNode = FALSE
	EndGlobalSection
	GlobalSection(ExtensibilityGlobals) = postSolution
		SolutionGuid = {15F3E9A0-C418-4F9C-9399-79A233B02DB3}
	EndGlobalSection
EndGlobal
