
Microsoft Visual Studio Solution File, Format Version 12.00
# Visual Studio 15
VisualStudioVersion = 15.0.27428.2005
MinimumVisualStudioVersion = 10.0.40219.1
Project("{FAE04EC0-301F-11D3-BF4B-00C04F79EFBC}") = "multiple", "multiple\multiple.csproj", "{E599B25F-2BDC-4A4E-9C37-46EA1605E17F}"
EndProject
Global
	GlobalSection(SolutionConfigurationPlatforms) = preSolution
		Debug|Any CPU = Debug|Any CPU
		Release|Any CPU = Release|Any CPU
	EndGlobalSection
	GlobalSection(ProjectConfigurationPlatforms) = postSolution
		{E599B25F-2BDC-4A4E-9C37-46EA1605E17F}.Debug|Any CPU.ActiveCfg = Debug|Any CPU
		{E599B25F-2BDC-4A4E-9C37-46EA1605E17F}.Debug|Any CPU.Build.0 = Debug|Any CPU
		{E599B25F-2BDC-4A4E-9C37-46EA1605E17F}.Release|Any CPU.ActiveCfg = Release|Any CPU
		{E599B25F-2BDC-4A4E-9C37-46EA1605E17F}.Release|Any CPU.Build.0 = Release|Any CPU
	EndGlobalSection
	GlobalSection(SolutionProperties) = preSolution
		HideSolutionNode = FALSE
	EndGlobalSection
	GlobalSection(ExtensibilityGlobals) = postSolution
		SolutionGuid = {D34FB7E4-CC23-4D82-9743-26EA753DA151}
	EndGlobalSection
EndGlobal
