
Microsoft Visual Studio Solution File, Format Version 12.00
# Visual Studio 15
VisualStudioVersion = 15.0.27428.2005
MinimumVisualStudioVersion = 10.0.40219.1
Project("{FAE04EC0-301F-11D3-BF4B-00C04F79EFBC}") = "Average1", "Average1\Average1.csproj", "{8A1BB627-55DD-4568-B2AA-8B4390A24779}"
EndProject
Global
	GlobalSection(SolutionConfigurationPlatforms) = preSolution
		Debug|Any CPU = Debug|Any CPU
		Release|Any CPU = Release|Any CPU
	EndGlobalSection
	GlobalSection(ProjectConfigurationPlatforms) = postSolution
		{8A1BB627-55DD-4568-B2AA-8B4390A24779}.Debug|Any CPU.ActiveCfg = Debug|Any CPU
		{8A1BB627-55DD-4568-B2AA-8B4390A24779}.Debug|Any CPU.Build.0 = Debug|Any CPU
		{8A1BB627-55DD-4568-B2AA-8B4390A24779}.Release|Any CPU.ActiveCfg = Release|Any CPU
		{8A1BB627-55DD-4568-B2AA-8B4390A24779}.Release|Any CPU.Build.0 = Release|Any CPU
	EndGlobalSection
	GlobalSection(SolutionProperties) = preSolution
		HideSolutionNode = FALSE
	EndGlobalSection
	GlobalSection(ExtensibilityGlobals) = postSolution
		SolutionGuid = {D8925A3B-FA68-4D0A-A1CF-4AB352CBA447}
	EndGlobalSection
EndGlobal
