
Microsoft Visual Studio Solution File, Format Version 12.00
# Visual Studio 15
VisualStudioVersion = 15.0.27428.2043
MinimumVisualStudioVersion = 10.0.40219.1
Project("{FAE04EC0-301F-11D3-BF4B-00C04F79EFBC}") = "Time1", "Time1\Time1.csproj", "{6553BE6C-5410-4303-9609-1BB456AE2B78}"
EndProject
Global
	GlobalSection(SolutionConfigurationPlatforms) = preSolution
		Debug|Any CPU = Debug|Any CPU
		Release|Any CPU = Release|Any CPU
	EndGlobalSection
	GlobalSection(ProjectConfigurationPlatforms) = postSolution
		{6553BE6C-5410-4303-9609-1BB456AE2B78}.Debug|Any CPU.ActiveCfg = Debug|Any CPU
		{6553BE6C-5410-4303-9609-1BB456AE2B78}.Debug|Any CPU.Build.0 = Debug|Any CPU
		{6553BE6C-5410-4303-9609-1BB456AE2B78}.Release|Any CPU.ActiveCfg = Release|Any CPU
		{6553BE6C-5410-4303-9609-1BB456AE2B78}.Release|Any CPU.Build.0 = Release|Any CPU
	EndGlobalSection
	GlobalSection(SolutionProperties) = preSolution
		HideSolutionNode = FALSE
	EndGlobalSection
	GlobalSection(ExtensibilityGlobals) = postSolution
		SolutionGuid = {49534F45-B5BE-4128-BF0A-3B98547A24EC}
	EndGlobalSection
EndGlobal
