
Microsoft Visual Studio Solution File, Format Version 12.00
# Visual Studio 15
VisualStudioVersion = 15.0.27428.2005
MinimumVisualStudioVersion = 10.0.40219.1
Project("{FAE04EC0-301F-11D3-BF4B-00C04F79EFBC}") = "Comparison", "Comparison\Comparison.csproj", "{DCC794B9-D733-42F9-BA5E-6F8664700FF5}"
EndProject
Global
	GlobalSection(SolutionConfigurationPlatforms) = preSolution
		Debug|Any CPU = Debug|Any CPU
		Release|Any CPU = Release|Any CPU
	EndGlobalSection
	GlobalSection(ProjectConfigurationPlatforms) = postSolution
		{DCC794B9-D733-42F9-BA5E-6F8664700FF5}.Debug|Any CPU.ActiveCfg = Debug|Any CPU
		{DCC794B9-D733-42F9-BA5E-6F8664700FF5}.Debug|Any CPU.Build.0 = Debug|Any CPU
		{DCC794B9-D733-42F9-BA5E-6F8664700FF5}.Release|Any CPU.ActiveCfg = Release|Any CPU
		{DCC794B9-D733-42F9-BA5E-6F8664700FF5}.Release|Any CPU.Build.0 = Release|Any CPU
	EndGlobalSection
	GlobalSection(SolutionProperties) = preSolution
		HideSolutionNode = FALSE
	EndGlobalSection
	GlobalSection(ExtensibilityGlobals) = postSolution
		SolutionGuid = {90DDADA6-59AA-4D08-AF35-78C6DE63144C}
	EndGlobalSection
EndGlobal
